
Microsoft Visual Studio Solution File, Format Version 12.00
# Visual Studio Version 17
VisualStudioVersion = 17.2.32630.192
MinimumVisualStudioVersion = 10.0.40219.1
Project("{9A19103F-16F7-4668-BE54-9A1E7A4F7556}") = "Chat", "Chat\Chat.csproj", "{138D6FE6-527F-4ADB-9CE4-336EF02FB161}"
EndProject
Project("{9A19103F-16F7-4668-BE54-9A1E7A4F7556}") = "Server", "Server\Server.csproj", "{4D6BFECC-D504-49DD-89D1-C413A6A66787}"
EndProject
Project("{FAE04EC0-301F-11D3-BF4B-00C04F79EFBC}") = "ChatModels", "ChatModels\ChatModels.csproj", "{AA9F5365-AA51-4CDA-B4BB-1B4C01572513}"
EndProject
Global
	GlobalSection(SolutionConfigurationPlatforms) = preSolution
		Debug|Any CPU = Debug|Any CPU
		Release|Any CPU = Release|Any CPU
	EndGlobalSection
	GlobalSection(ProjectConfigurationPlatforms) = postSolution
		{138D6FE6-527F-4ADB-9CE4-336EF02FB161}.Debug|Any CPU.ActiveCfg = Debug|Any CPU
		{138D6FE6-527F-4ADB-9CE4-336EF02FB161}.Debug|Any CPU.Build.0 = Debug|Any CPU
		{138D6FE6-527F-4ADB-9CE4-336EF02FB161}.Release|Any CPU.ActiveCfg = Release|Any CPU
		{138D6FE6-527F-4ADB-9CE4-336EF02FB161}.Release|Any CPU.Build.0 = Release|Any CPU
		{4D6BFECC-D504-49DD-89D1-C413A6A66787}.Debug|Any CPU.ActiveCfg = Debug|Any CPU
		{4D6BFECC-D504-49DD-89D1-C413A6A66787}.Debug|Any CPU.Build.0 = Debug|Any CPU
		{4D6BFECC-D504-49DD-89D1-C413A6A66787}.Release|Any CPU.ActiveCfg = Release|Any CPU
		{4D6BFECC-D504-49DD-89D1-C413A6A66787}.Release|Any CPU.Build.0 = Release|Any CPU
		{AA9F5365-AA51-4CDA-B4BB-1B4C01572513}.Debug|Any CPU.ActiveCfg = Debug|Any CPU
		{AA9F5365-AA51-4CDA-B4BB-1B4C01572513}.Debug|Any CPU.Build.0 = Debug|Any CPU
		{AA9F5365-AA51-4CDA-B4BB-1B4C01572513}.Release|Any CPU.ActiveCfg = Release|Any CPU
		{AA9F5365-AA51-4CDA-B4BB-1B4C01572513}.Release|Any CPU.Build.0 = Release|Any CPU
	EndGlobalSection
	GlobalSection(SolutionProperties) = preSolution
		HideSolutionNode = FALSE
	EndGlobalSection
	GlobalSection(ExtensibilityGlobals) = postSolution
		SolutionGuid = {25E78B3C-C5BF-47EC-A733-2D84A0DDB898}
	EndGlobalSection
EndGlobal
